// !$*UTF8*$!
{
	archiveVersion = 1;
	classes = {
	};
	objectVersion = 51;
	objects = {

/* Begin PBXBuildFile section */
		B431DF99248E15B000CD690E /* EditContactVc.m in Sources */ = {isa = PBXBuildFile; fileRef = B431DF98248E15B000CD690E /* EditContactVc.m */; };
		B43F00A8247FA1A500C4754A /* ContactModel.m in Sources */ = {isa = PBXBuildFile; fileRef = B43F00A7247FA1A500C4754A /* ContactModel.m */; };
		B43F00AB247FA29C00C4754A /* AddContactVC.m in Sources */ = {isa = PBXBuildFile; fileRef = B43F00AA247FA29C00C4754A /* AddContactVC.m */; };
		B44D4E13247BCCF8008A06FE /* AppDelegate.m in Sources */ = {isa = PBXBuildFile; fileRef = B44D4E12247BCCF8008A06FE /* AppDelegate.m */; };
		B44D4E16247BCCF8008A06FE /* SceneDelegate.m in Sources */ = {isa = PBXBuildFile; fileRef = B44D4E15247BCCF8008A06FE /* SceneDelegate.m */; };
		B44D4E1C247BCCF8008A06FE /* Main.storyboard in Resources */ = {isa = PBXBuildFile; fileRef = B44D4E1A247BCCF8008A06FE /* Main.storyboard */; };
		B44D4E1E247BCCF8008A06FE /* Assets.xcassets in Resources */ = {isa = PBXBuildFile; fileRef = B44D4E1D247BCCF8008A06FE /* Assets.xcassets */; };
		B44D4E21247BCCF8008A06FE /* LaunchScreen.storyboard in Resources */ = {isa = PBXBuildFile; fileRef = B44D4E1F247BCCF8008A06FE /* LaunchScreen.storyboard */; };
		B44D4E24247BCCF8008A06FE /* main.m in Sources */ = {isa = PBXBuildFile; fileRef = B44D4E23247BCCF8008A06FE /* main.m */; };
		B44D4E2E247BCCF9008A06FE /* tongxunluTests.m in Sources */ = {isa = PBXBuildFile; fileRef = B44D4E2D247BCCF9008A06FE /* tongxunluTests.m */; };
		B44D4E39247BCCF9008A06FE /* tongxunluUITests.m in Sources */ = {isa = PBXBuildFile; fileRef = B44D4E38247BCCF9008A06FE /* tongxunluUITests.m */; };
		B44D4E49247BCFCB008A06FE /* LoginVC.m in Sources */ = {isa = PBXBuildFile; fileRef = B44D4E48247BCFCB008A06FE /* LoginVC.m */; };
		B44D4E4D247E0EF4008A06FE /* ContactVC.m in Sources */ = {isa = PBXBuildFile; fileRef = B44D4E4C247E0EF3008A06FE /* ContactVC.m */; };
		BC1D57A87D98669C8A47B644 /* libPods-tongxunlu.a in Frameworks */ = {isa = PBXBuildFile; fileRef = A2C065399CC8695650D3DD26 /* libPods-tongxunlu.a */; };
/* End PBXBuildFile section */

/* Begin PBXContainerItemProxy section */
		B44D4E2A247BCCF9008A06FE /* PBXContainerItemProxy */ = {
			isa = PBXContainerItemProxy;
			containerPortal = B44D4E06247BCCF8008A06FE /* Project object */;
			proxyType = 1;
			remoteGlobalIDString = B44D4E0D247BCCF8008A06FE;
			remoteInfo = tongxunlu;
		};
		B44D4E35247BCCF9008A06FE /* PBXContainerItemProxy */ = {
			isa = PBXContainerItemProxy;
			containerPortal = B44D4E06247BCCF8008A06FE /* Project object */;
			proxyType = 1;
			remoteGlobalIDString = B44D4E0D247BCCF8008A06FE;
			remoteInfo = tongxunlu;
		};
/* End PBXContainerItemProxy section */

/* Begin PBXFileReference section */
		08EE603D64B411AEB679BA86 /* Pods-tongxunlu.release.xcconfig */ = {isa = PBXFileReference; includeInIndex = 1; lastKnownFileType = text.xcconfig; name = "Pods-tongxunlu.release.xcconfig"; path = "Target Support Files/Pods-tongxunlu/Pods-tongxunlu.release.xcconfig"; sourceTree = "<group>"; };
		6B9FAE0F62FB05ECF11749F1 /* Pods-tongxunlu.debug.xcconfig */ = {isa = PBXFileReference; includeInIndex = 1; lastKnownFileType = text.xcconfig; name = "Pods-tongxunlu.debug.xcconfig"; path = "Target Support Files/Pods-tongxunlu/Pods-tongxunlu.debug.xcconfig"; sourceTree = "<group>"; };
		A2C065399CC8695650D3DD26 /* libPods-tongxunlu.a */ = {isa = PBXFileReference; explicitFileType = archive.ar; includeInIndex = 0; path = "libPods-tongxunlu.a"; sourceTree = BUILT_PRODUCTS_DIR; };
		B431DF97248E15B000CD690E /* EditContactVc.h */ = {isa = PBXFileReference; lastKnownFileType = sourcecode.c.h; path = EditContactVc.h; sourceTree = "<group>"; };
		B431DF98248E15B000CD690E /* EditContactVc.m */ = {isa = PBXFileReference; lastKnownFileType = sourcecode.c.objc; path = EditContactVc.m; sourceTree = "<group>"; };
		B43F00A6247FA1A500C4754A /* ContactModel.h */ = {isa = PBXFileReference; lastKnownFileType = sourcecode.c.h; path = ContactModel.h; sourceTree = "<group>"; };
		B43F00A7247FA1A500C4754A /* ContactModel.m */ = {isa = PBXFileReference; lastKnownFileType = sourcecode.c.objc; path = ContactModel.m; sourceTree = "<group>"; };
		B43F00A9247FA29C00C4754A /* AddContactVC.h */ = {isa = PBXFileReference; lastKnownFileType = sourcecode.c.h; path = AddContactVC.h; sourceTree = "<group>"; };
		B43F00AA247FA29C00C4754A /* AddContactVC.m */ = {isa = PBXFileReference; lastKnownFileType = sourcecode.c.objc; path = AddContactVC.m; sourceTree = "<group>"; };
		B44D4E0E247BCCF8008A06FE /* tongxunlu.app */ = {isa = PBXFileReference; explicitFileType = wrapper.application; includeInIndex = 0; path = tongxunlu.app; sourceTree = BUILT_PRODUCTS_DIR; };
		B44D4E11247BCCF8008A06FE /* AppDelegate.h */ = {isa = PBXFileReference; lastKnownFileType = sourcecode.c.h; path = AppDelegate.h; sourceTree = "<group>"; };
		B44D4E12247BCCF8008A06FE /* AppDelegate.m */ = {isa = PBXFileReference; lastKnownFileType = sourcecode.c.objc; path = AppDelegate.m; sourceTree = "<group>"; };
		B44D4E14247BCCF8008A06FE /* SceneDelegate.h */ = {isa = PBXFileReference; lastKnownFileType = sourcecode.c.h; path = SceneDelegate.h; sourceTree = "<group>"; };
		B44D4E15247BCCF8008A06FE /* SceneDelegate.m */ = {isa = PBXFileReference; lastKnownFileType = sourcecode.c.objc; path = SceneDelegate.m; sourceTree = "<group>"; };
		B44D4E1B247BCCF8008A06FE /* Base */ = {isa = PBXFileReference; lastKnownFileType = file.storyboard; name = Base; path = Base.lproj/Main.storyboard; sourceTree = "<group>"; };
		B44D4E1D247BCCF8008A06FE /* Assets.xcassets */ = {isa = PBXFileReference; lastKnownFileType = folder.assetcatalog; path = Assets.xcassets; sourceTree = "<group>"; };
		B44D4E20247BCCF8008A06FE /* Base */ = {isa = PBXFileReference; lastKnownFileType = file.storyboard; name = Base; path = Base.lproj/LaunchScreen.storyboard; sourceTree = "<group>"; };
		B44D4E22247BCCF8008A06FE /* Info.plist */ = {isa = PBXFileReference; lastKnownFileType = text.plist.xml; path = Info.plist; sourceTree = "<group>"; };
		B44D4E23247BCCF8008A06FE /* main.m */ = {isa = PBXFileReference; lastKnownFileType = sourcecode.c.objc; path = main.m; sourceTree = "<group>"; };
		B44D4E29247BCCF9008A06FE /* tongxunluTests.xctest */ = {isa = PBXFileReference; explicitFileType = wrapper.cfbundle; includeInIndex = 0; path = tongxunluTests.xctest; sourceTree = BUILT_PRODUCTS_DIR; };
		B44D4E2D247BCCF9008A06FE /* tongxunluTests.m */ = {isa = PBXFileReference; lastKnownFileType = sourcecode.c.objc; path = tongxunluTests.m; sourceTree = "<group>"; };
		B44D4E2F247BCCF9008A06FE /* Info.plist */ = {isa = PBXFileReference; lastKnownFileType = text.plist.xml; path = Info.plist; sourceTree = "<group>"; };
		B44D4E34247BCCF9008A06FE /* tongxunluUITests.xctest */ = {isa = PBXFileReference; explicitFileType = wrapper.cfbundle; includeInIndex = 0; path = tongxunluUITests.xctest; sourceTree = BUILT_PRODUCTS_DIR; };
		B44D4E38247BCCF9008A06FE /* tongxunluUITests.m */ = {isa = PBXFileReference; lastKnownFileType = sourcecode.c.objc; path = tongxunluUITests.m; sourceTree = "<group>"; };
		B44D4E3A247BCCF9008A06FE /* Info.plist */ = {isa = PBXFileReference; lastKnownFileType = text.plist.xml; path = Info.plist; sourceTree = "<group>"; };
		B44D4E47247BCFCB008A06FE /* LoginVC.h */ = {isa = PBXFileReference; lastKnownFileType = sourcecode.c.h; path = LoginVC.h; sourceTree = "<group>"; };
		B44D4E48247BCFCB008A06FE /* LoginVC.m */ = {isa = PBXFileReference; lastKnownFileType = sourcecode.c.objc; path = LoginVC.m; sourceTree = "<group>"; };
		B44D4E4B247E0EF3008A06FE /* ContactVC.h */ = {isa = PBXFileReference; lastKnownFileType = sourcecode.c.h; path = ContactVC.h; sourceTree = "<group>"; };
		B44D4E4C247E0EF3008A06FE /* ContactVC.m */ = {isa = PBXFileReference; lastKnownFileType = sourcecode.c.objc; path = ContactVC.m; sourceTree = "<group>"; };
/* End PBXFileReference section */

/* Begin PBXFrameworksBuildPhase section */
		B44D4E0B247BCCF8008A06FE /* Frameworks */ = {
			isa = PBXFrameworksBuildPhase;
			buildActionMask = 2147483647;
			files = (
				BC1D57A87D98669C8A47B644 /* libPods-tongxunlu.a in Frameworks */,
			);
			runOnlyForDeploymentPostprocessing = 0;
		};
		B44D4E26247BCCF9008A06FE /* Frameworks */ = {
			isa = PBXFrameworksBuildPhase;
			buildActionMask = 2147483647;
			files = (
			);
			runOnlyForDeploymentPostprocessing = 0;
		};
		B44D4E31247BCCF9008A06FE /* Frameworks */ = {
			isa = PBXFrameworksBuildPhase;
			buildActionMask = 2147483647;
			files = (
			);
			runOnlyForDeploymentPostprocessing = 0;
		};
/* End PBXFrameworksBuildPhase section */

/* Begin PBXGroup section */
		183AA45783208692F034A0F3 /* Frameworks */ = {
			isa = PBXGroup;
			children = (
				A2C065399CC8695650D3DD26 /* libPods-tongxunlu.a */,
			);
			name = Frameworks;
			sourceTree = "<group>";
		};
		667ECA185BC3E1AFB5594CB4 /* Pods */ = {
			isa = PBXGroup;
			children = (
				6B9FAE0F62FB05ECF11749F1 /* Pods-tongxunlu.debug.xcconfig */,
				08EE603D64B411AEB679BA86 /* Pods-tongxunlu.release.xcconfig */,
			);
			path = Pods;
			sourceTree = "<group>";
		};
		B43F00A5247FA18400C4754A /* model */ = {
			isa = PBXGroup;
			children = (
				B43F00A6247FA1A500C4754A /* ContactModel.h */,
				B43F00A7247FA1A500C4754A /* ContactModel.m */,
			);
			path = model;
			sourceTree = "<group>";
		};
		B44D4E05247BCCF8008A06FE = {
			isa = PBXGroup;
			children = (
				B44D4E10247BCCF8008A06FE /* tongxunlu */,
				B44D4E2C247BCCF9008A06FE /* tongxunluTests */,
				B44D4E37247BCCF9008A06FE /* tongxunluUITests */,
				B44D4E0F247BCCF8008A06FE /* Products */,
				667ECA185BC3E1AFB5594CB4 /* Pods */,
				183AA45783208692F034A0F3 /* Frameworks */,
			);
			sourceTree = "<group>";
		};
		B44D4E0F247BCCF8008A06FE /* Products */ = {
			isa = PBXGroup;
			children = (
				B44D4E0E247BCCF8008A06FE /* tongxunlu.app */,
				B44D4E29247BCCF9008A06FE /* tongxunluTests.xctest */,
				B44D4E34247BCCF9008A06FE /* tongxunluUITests.xctest */,
			);
			name = Products;
			sourceTree = "<group>";
		};
		B44D4E10247BCCF8008A06FE /* tongxunlu */ = {
			isa = PBXGroup;
			children = (
				B43F00A5247FA18400C4754A /* model */,
				B44D4E4A247E0EC4008A06FE /* contact */,
				B44D4E46247BCFB6008A06FE /* login */,
				B44D4E11247BCCF8008A06FE /* AppDelegate.h */,
				B44D4E12247BCCF8008A06FE /* AppDelegate.m */,
				B44D4E14247BCCF8008A06FE /* SceneDelegate.h */,
				B44D4E15247BCCF8008A06FE /* SceneDelegate.m */,
				B44D4E1A247BCCF8008A06FE /* Main.storyboard */,
				B44D4E1D247BCCF8008A06FE /* Assets.xcassets */,
				B44D4E1F247BCCF8008A06FE /* LaunchScreen.storyboard */,
				B44D4E22247BCCF8008A06FE /* Info.plist */,
				B44D4E23247BCCF8008A06FE /* main.m */,
			);
			path = tongxunlu;
			sourceTree = "<group>";
		};
		B44D4E2C247BCCF9008A06FE /* tongxunluTests */ = {
			isa = PBXGroup;
			children = (
				B44D4E2D247BCCF9008A06FE /* tongxunluTests.m */,
				B44D4E2F247BCCF9008A06FE /* Info.plist */,
			);
			path = tongxunluTests;
			sourceTree = "<group>";
		};
		B44D4E37247BCCF9008A06FE /* tongxunluUITests */ = {
			isa = PBXGroup;
			children = (
				B44D4E38247BCCF9008A06FE /* tongxunluUITests.m */,
				B44D4E3A247BCCF9008A06FE /* Info.plist */,
			);
			path = tongxunluUITests;
			sourceTree = "<group>";
		};
		B44D4E46247BCFB6008A06FE /* login */ = {
			isa = PBXGroup;
			children = (
				B44D4E47247BCFCB008A06FE /* LoginVC.h */,
				B44D4E48247BCFCB008A06FE /* LoginVC.m */,
			);
			path = login;
			sourceTree = "<group>";
		};
		B44D4E4A247E0EC4008A06FE /* contact */ = {
			isa = PBXGroup;
			children = (
				B44D4E4B247E0EF3008A06FE /* ContactVC.h */,
				B44D4E4C247E0EF3008A06FE /* ContactVC.m */,
				B43F00A9247FA29C00C4754A /* AddContactVC.h */,
				B43F00AA247FA29C00C4754A /* AddContactVC.m */,
				B431DF97248E15B000CD690E /* EditContactVc.h */,
				B431DF98248E15B000CD690E /* EditContactVc.m */,
			);
			path = contact;
			sourceTree = "<group>";
		};
/* End PBXGroup section */

/* Begin PBXNativeTarget section */
		B44D4E0D247BCCF8008A06FE /* tongxunlu */ = {
			isa = PBXNativeTarget;
			buildConfigurationList = B44D4E3D247BCCF9008A06FE /* Build configuration list for PBXNativeTarget "tongxunlu" */;
			buildPhases = (
				410E714CD876D8C07F5E33E8 /* [CP] Check Pods Manifest.lock */,
				B44D4E0A247BCCF8008A06FE /* Sources */,
				B44D4E0B247BCCF8008A06FE /* Frameworks */,
				B44D4E0C247BCCF8008A06FE /* Resources */,
				ECE491007581EADC537AAAB9 /* [CP] Copy Pods Resources */,
			);
			buildRules = (
			);
			dependencies = (
			);
			name = tongxunlu;
			productName = tongxunlu;
			productReference = B44D4E0E247BCCF8008A06FE /* tongxunlu.app */;
			productType = "com.apple.product-type.application";
		};
		B44D4E28247BCCF9008A06FE /* tongxunluTests */ = {
			isa = PBXNativeTarget;
			buildConfigurationList = B44D4E40247BCCF9008A06FE /* Build configuration list for PBXNativeTarget "tongxunluTests" */;
			buildPhases = (
				B44D4E25247BCCF9008A06FE /* Sources */,
				B44D4E26247BCCF9008A06FE /* Frameworks */,
				B44D4E27247BCCF9008A06FE /* Resources */,
			);
			buildRules = (
			);
			dependencies = (
				B44D4E2B247BCCF9008A06FE /* PBXTargetDependency */,
			);
			name = tongxunluTests;
			productName = tongxunluTests;
			productReference = B44D4E29247BCCF9008A06FE /* tongxunluTests.xctest */;
			productType = "com.apple.product-type.bundle.unit-test";
		};
		B44D4E33247BCCF9008A06FE /* tongxunluUITests */ = {
			isa = PBXNativeTarget;
			buildConfigurationList = B44D4E43247BCCF9008A06FE /* Build configuration list for PBXNativeTarget "tongxunluUITests" */;
			buildPhases = (
				B44D4E30247BCCF9008A06FE /* Sources */,
				B44D4E31247BCCF9008A06FE /* Frameworks */,
				B44D4E32247BCCF9008A06FE /* Resources */,
			);
			buildRules = (
			);
			dependencies = (
				B44D4E36247BCCF9008A06FE /* PBXTargetDependency */,
			);
			name = tongxunluUITests;
			productName = tongxunluUITests;
			productReference = B44D4E34247BCCF9008A06FE /* tongxunluUITests.xctest */;
			productType = "com.apple.product-type.bundle.ui-testing";
		};
/* End PBXNativeTarget section */

/* Begin PBXProject section */
		B44D4E06247BCCF8008A06FE /* Project object */ = {
			isa = PBXProject;
			attributes = {
				LastUpgradeCheck = 1140;
				ORGANIZATIONNAME = " huangyikun";
				TargetAttributes = {
					B44D4E0D247BCCF8008A06FE = {
						CreatedOnToolsVersion = 11.4.1;
					};
					B44D4E28247BCCF9008A06FE = {
						CreatedOnToolsVersion = 11.4.1;
						TestTargetID = B44D4E0D247BCCF8008A06FE;
					};
					B44D4E33247BCCF9008A06FE = {
						CreatedOnToolsVersion = 11.4.1;
						TestTargetID = B44D4E0D247BCCF8008A06FE;
					};
				};
			};
			buildConfigurationList = B44D4E09247BCCF8008A06FE /* Build configuration list for PBXProject "tongxunlu" */;
			compatibilityVersion = "Xcode 9.3";
			developmentRegion = en;
			hasScannedForEncodings = 0;
			knownRegions = (
				en,
				Base,
			);
			mainGroup = B44D4E05247BCCF8008A06FE;
			productRefGroup = B44D4E0F247BCCF8008A06FE /* Products */;
			projectDirPath = "";
			projectRoot = "";
			targets = (
				B44D4E0D247BCCF8008A06FE /* tongxunlu */,
				B44D4E28247BCCF9008A06FE /* tongxunluTests */,
				B44D4E33247BCCF9008A06FE /* tongxunluUITests */,
			);
		};
/* End PBXProject section */

/* Begin PBXResourcesBuildPhase section */
		B44D4E0C247BCCF8008A06FE /* Resources */ = {
			isa = PBXResourcesBuildPhase;
			buildActionMask = 2147483647;
			files = (
				B44D4E21247BCCF8008A06FE /* LaunchScreen.storyboard in Resources */,
				B44D4E1E247BCCF8008A06FE /* Assets.xcassets in Resources */,
				B44D4E1C247BCCF8008A06FE /* Main.storyboard in Resources */,
			);
			runOnlyForDeploymentPostprocessing = 0;
		};
		B44D4E27247BCCF9008A06FE /* Resources */ = {
			isa = PBXResourcesBuildPhase;
			buildActionMask = 2147483647;
			files = (
			);
			runOnlyForDeploymentPostprocessing = 0;
		};
		B44D4E32247BCCF9008A06FE /* Resources */ = {
			isa = PBXResourcesBuildPhase;
			buildActionMask = 2147483647;
			files = (
			);
			runOnlyForDeploymentPostprocessing = 0;
		};
/* End PBXResourcesBuildPhase section */

/* Begin PBXShellScriptBuildPhase section */
		410E714CD876D8C07F5E33E8 /* [CP] Check Pods Manifest.lock */ = {
			isa = PBXShellScriptBuildPhase;
			buildActionMask = 2147483647;
			files = (
			);
			inputFileListPaths = (
			);
			inputPaths = (
				"${PODS_PODFILE_DIR_PATH}/Podfile.lock",
				"${PODS_ROOT}/Manifest.lock",
			);
			name = "[CP] Check Pods Manifest.lock";
			outputFileListPaths = (
			);
			outputPaths = (
				"$(DERIVED_FILE_DIR)/Pods-tongxunlu-checkManifestLockResult.txt",
			);
			runOnlyForDeploymentPostprocessing = 0;
			shellPath = /bin/sh;
			shellScript = "diff \"${PODS_PODFILE_DIR_PATH}/Podfile.lock\" \"${PODS_ROOT}/Manifest.lock\" > /dev/null\nif [ $? != 0 ] ; then\n    # print error to STDERR\n    echo \"error: The sandbox is not in sync with the Podfile.lock. Run 'pod install' or update your CocoaPods installation.\" >&2\n    exit 1\nfi\n# This output is used by Xcode 'outputs' to avoid re-running this script phase.\necho \"SUCCESS\" > \"${SCRIPT_OUTPUT_FILE_0}\"\n";
			showEnvVarsInLog = 0;
		};
		ECE491007581EADC537AAAB9 /* [CP] Copy Pods Resources */ = {
			isa = PBXShellScriptBuildPhase;
			buildActionMask = 2147483647;
			files = (
			);
			inputFileListPaths = (
				"${PODS_ROOT}/Target Support Files/Pods-tongxunlu/Pods-tongxunlu-resources-${CONFIGURATION}-input-files.xcfilelist",
			);
			name = "[CP] Copy Pods Resources";
			outputFileListPaths = (
				"${PODS_ROOT}/Target Support Files/Pods-tongxunlu/Pods-tongxunlu-resources-${CONFIGURATION}-output-files.xcfilelist",
			);
			runOnlyForDeploymentPostprocessing = 0;
			shellPath = /bin/sh;
			shellScript = "\"${PODS_ROOT}/Target Support Files/Pods-tongxunlu/Pods-tongxunlu-resources.sh\"\n";
			showEnvVarsInLog = 0;
		};
/* End PBXShellScriptBuildPhase section */

/* Begin PBXSourcesBuildPhase section */
		B44D4E0A247BCCF8008A06FE /* Sources */ = {
			isa = PBXSourcesBuildPhase;
			buildActionMask = 2147483647;
			files = (
				B43F00A8247FA1A500C4754A /* ContactModel.m in Sources */,
				B44D4E13247BCCF8008A06FE /* AppDelegate.m in Sources */,
				B44D4E24247BCCF8008A06FE /* main.m in Sources */,
				B44D4E49247BCFCB008A06FE /* LoginVC.m in Sources */,
				B44D4E16247BCCF8008A06FE /* SceneDelegate.m in Sources */,
				B431DF99248E15B000CD690E /* EditContactVc.m in Sources */,
				B44D4E4D247E0EF4008A06FE /* ContactVC.m in Sources */,
				B43F00AB247FA29C00C4754A /* AddContactVC.m in Sources */,
			);
			runOnlyForDeploymentPostprocessing = 0;
		};
		B44D4E25247BCCF9008A06FE /* Sources */ = {
			isa = PBXSourcesBuildPhase;
			buildActionMask = 2147483647;
			files = (
				B44D4E2E247BCCF9008A06FE /* tongxunluTests.m in Sources */,
			);
			runOnlyForDeploymentPostprocessing = 0;
		};
		B44D4E30247BCCF9008A06FE /* Sources */ = {
			isa = PBXSourcesBuildPhase;
			buildActionMask = 2147483647;
			files = (
				B44D4E39247BCCF9008A06FE /* tongxunluUITests.m in Sources */,
			);
			runOnlyForDeploymentPostprocessing = 0;
		};
/* End PBXSourcesBuildPhase section */

/* Begin PBXTargetDependency section */
		B44D4E2B247BCCF9008A06FE /* PBXTargetDependency */ = {
			isa = PBXTargetDependency;
			target = B44D4E0D247BCCF8008A06FE /* tongxunlu */;
			targetProxy = B44D4E2A247BCCF9008A06FE /* PBXContainerItemProxy */;
		};
		B44D4E36247BCCF9008A06FE /* PBXTargetDependency */ = {
			isa = PBXTargetDependency;
			target = B44D4E0D247BCCF8008A06FE /* tongxunlu */;
			targetProxy = B44D4E35247BCCF9008A06FE /* PBXContainerItemProxy */;
		};
/* End PBXTargetDependency section */

/* Begin PBXVariantGroup section */
		B44D4E1A247BCCF8008A06FE /* Main.storyboard */ = {
			isa = PBXVariantGroup;
			children = (
				B44D4E1B247BCCF8008A06FE /* Base */,
			);
			name = Main.storyboard;
			sourceTree = "<group>";
		};
		B44D4E1F247BCCF8008A06FE /* LaunchScreen.storyboard */ = {
			isa = PBXVariantGroup;
			children = (
				B44D4E20247BCCF8008A06FE /* Base */,
			);
			name = LaunchScreen.storyboard;
			sourceTree = "<group>";
		};
/* End PBXVariantGroup section */

/* Begin XCBuildConfiguration section */
		B44D4E3B247BCCF9008A06FE /* Debug */ = {
			isa = XCBuildConfiguration;
			buildSettings = {
				ALWAYS_SEARCH_USER_PATHS = NO;
				CLANG_ANALYZER_NONNULL = YES;
				CLANG_ANALYZER_NUMBER_OBJECT_CONVERSION = YES_AGGRESSIVE;
				CLANG_CXX_LANGUAGE_STANDARD = "gnu++14";
				CLANG_CXX_LIBRARY = "libc++";
				CLANG_ENABLE_MODULES = YES;
				CLANG_ENABLE_OBJC_ARC = YES;
				CLANG_ENABLE_OBJC_WEAK = YES;
				CLANG_WARN_BLOCK_CAPTURE_AUTORELEASING = YES;
				CLANG_WARN_BOOL_CONVERSION = YES;
				CLANG_WARN_COMMA = YES;
				CLANG_WARN_CONSTANT_CONVERSION = YES;
				CLANG_WARN_DEPRECATED_OBJC_IMPLEMENTATIONS = YES;
				CLANG_WARN_DIRECT_OBJC_ISA_USAGE = YES_ERROR;
				CLANG_WARN_DOCUMENTATION_COMMENTS = YES;
				CLANG_WARN_EMPTY_BODY = YES;
				CLANG_WARN_ENUM_CONVERSION = YES;
				CLANG_WARN_INFINITE_RECURSION = YES;
				CLANG_WARN_INT_CONVERSION = YES;
				CLANG_WARN_NON_LITERAL_NULL_CONVERSION = YES;
				CLANG_WARN_OBJC_IMPLICIT_RETAIN_SELF = YES;
				CLANG_WARN_OBJC_LITERAL_CONVERSION = YES;
				CLANG_WARN_OBJC_ROOT_CLASS = YES_ERROR;
				CLANG_WARN_RANGE_LOOP_ANALYSIS = YES;
				CLANG_WARN_STRICT_PROTOTYPES = YES;
				CLANG_WARN_SUSPICIOUS_MOVE = YES;
				CLANG_WARN_UNGUARDED_AVAILABILITY = YES_AGGRESSIVE;
				CLANG_WARN_UNREACHABLE_CODE = YES;
				CLANG_WARN__DUPLICATE_METHOD_MATCH = YES;
				COPY_PHASE_STRIP = NO;
				DEBUG_INFORMATION_FORMAT = dwarf;
				ENABLE_STRICT_OBJC_MSGSEND = YES;
				ENABLE_TESTABILITY = YES;
				GCC_C_LANGUAGE_STANDARD = gnu11;
				GCC_DYNAMIC_NO_PIC = NO;
				GCC_NO_COMMON_BLOCKS = YES;
				GCC_OPTIMIZATION_LEVEL = 0;
				GCC_PREPROCESSOR_DEFINITIONS = (
					"DEBUG=1",
					"$(inherited)",
				);
				GCC_WARN_64_TO_32_BIT_CONVERSION = YES;
				GCC_WARN_ABOUT_RETURN_TYPE = YES_ERROR;
				GCC_WARN_UNDECLARED_SELECTOR = YES;
				GCC_WARN_UNINITIALIZED_AUTOS = YES_AGGRESSIVE;
				GCC_WARN_UNUSED_FUNCTION = YES;
				GCC_WARN_UNUSED_VARIABLE = YES;
				IPHONEOS_DEPLOYMENT_TARGET = 13.4;
				MTL_ENABLE_DEBUG_INFO = INCLUDE_SOURCE;
				MTL_FAST_MATH = YES;
				ONLY_ACTIVE_ARCH = YES;
				SDKROOT = iphoneos;
			};
			name = Debug;
		};
		B44D4E3C247BCCF9008A06FE /* Release */ = {
			isa = XCBuildConfiguration;
			buildSettings = {
				ALWAYS_SEARCH_USER_PATHS = NO;
				CLANG_ANALYZER_NONNULL = YES;
				CLANG_ANALYZER_NUMBER_OBJECT_CONVERSION = YES_AGGRESSIVE;
				CLANG_CXX_LANGUAGE_STANDARD = "gnu++14";
				CLANG_CXX_LIBRARY = "libc++";
				CLANG_ENABLE_MODULES = YES;
				CLANG_ENABLE_OBJC_ARC = YES;
				CLANG_ENABLE_OBJC_WEAK = YES;
				CLANG_WARN_BLOCK_CAPTURE_AUTORELEASING = YES;
				CLANG_WARN_BOOL_CONVERSION = YES;
				CLANG_WARN_COMMA = YES;
				CLANG_WARN_CONSTANT_CONVERSION = YES;
				CLANG_WARN_DEPRECATED_OBJC_IMPLEMENTATIONS = YES;
				CLANG_WARN_DIRECT_OBJC_ISA_USAGE = YES_ERROR;
				CLANG_WARN_DOCUMENTATION_COMMENTS = YES;
				CLANG_WARN_EMPTY_BODY = YES;
				CLANG_WARN_ENUM_CONVERSION = YES;
				CLANG_WARN_INFINITE_RECURSION = YES;
				CLANG_WARN_INT_CONVERSION = YES;
				CLANG_WARN_NON_LITERAL_NULL_CONVERSION = YES;
				CLANG_WARN_OBJC_IMPLICIT_RETAIN_SELF = YES;
				CLANG_WARN_OBJC_LITERAL_CONVERSION = YES;
				CLANG_WARN_OBJC_ROOT_CLASS = YES_ERROR;
				CLANG_WARN_RANGE_LOOP_ANALYSIS = YES;
				CLANG_WARN_STRICT_PROTOTYPES = YES;
				CLANG_WARN_SUSPICIOUS_MOVE = YES;
				CLANG_WARN_UNGUARDED_AVAILABILITY = YES_AGGRESSIVE;
				CLANG_WARN_UNREACHABLE_CODE = YES;
				CLANG_WARN__DUPLICATE_METHOD_MATCH = YES;
				COPY_PHASE_STRIP = NO;
				DEBUG_INFORMATION_FORMAT = "dwarf-with-dsym";
				ENABLE_NS_ASSERTIONS = NO;
				ENABLE_STRICT_OBJC_MSGSEND = YES;
				GCC_C_LANGUAGE_STANDARD = gnu11;
				GCC_NO_COMMON_BLOCKS = YES;
				GCC_WARN_64_TO_32_BIT_CONVERSION = YES;
				GCC_WARN_ABOUT_RETURN_TYPE = YES_ERROR;
				GCC_WARN_UNDECLARED_SELECTOR = YES;
				GCC_WARN_UNINITIALIZED_AUTOS = YES_AGGRESSIVE;
				GCC_WARN_UNUSED_FUNCTION = YES;
				GCC_WARN_UNUSED_VARIABLE = YES;
				IPHONEOS_DEPLOYMENT_TARGET = 13.4;
				MTL_ENABLE_DEBUG_INFO = NO;
				MTL_FAST_MATH = YES;
				SDKROOT = iphoneos;
				VALIDATE_PRODUCT = YES;
			};
			name = Release;
		};
		B44D4E3E247BCCF9008A06FE /* Debug */ = {
			isa = XCBuildConfiguration;
			baseConfigurationReference = 6B9FAE0F62FB05ECF11749F1 /* Pods-tongxunlu.debug.xcconfig */;
			buildSettings = {
				ASSETCATALOG_COMPILER_APPICON_NAME = AppIcon;
				CODE_SIGN_STYLE = Automatic;
				INFOPLIST_FILE = tongxunlu/Info.plist;
				IPHONEOS_DEPLOYMENT_TARGET = 12.0;
				LD_RUNPATH_SEARCH_PATHS = (
					"$(inherited)",
					"@executable_path/Frameworks",
				);
				PRODUCT_BUNDLE_IDENTIFIER = hyk.tongxunlu;
				PRODUCT_NAME = "$(TARGET_NAME)";
				TARGETED_DEVICE_FAMILY = "1,2";
			};
			name = Debug;
		};
		B44D4E3F247BCCF9008A06FE /* Release */ = {
			isa = XCBuildConfiguration;
			baseConfigurationReference = 08EE603D64B411AEB679BA86 /* Pods-tongxunlu.release.xcconfig */;
			buildSettings = {
				ASSETCATALOG_COMPILER_APPICON_NAME = AppIcon;
				CODE_SIGN_STYLE = Automatic;
				INFOPLIST_FILE = tongxunlu/Info.plist;
				IPHONEOS_DEPLOYMENT_TARGET = 12.0;
				LD_RUNPATH_SEARCH_PATHS = (
					"$(inherited)",
					"@executable_path/Frameworks",
				);
				PRODUCT_BUNDLE_IDENTIFIER = hyk.tongxunlu;
				PRODUCT_NAME = "$(TARGET_NAME)";
				TARGETED_DEVICE_FAMILY = "1,2";
			};
			name = Release;
		};
		B44D4E41247BCCF9008A06FE /* Debug */ = {
			isa = XCBuildConfiguration;
			buildSettings = {
				BUNDLE_LOADER = "$(TEST_HOST)";
				CODE_SIGN_STYLE = Automatic;
				INFOPLIST_FILE = tongxunluTests/Info.plist;
				IPHONEOS_DEPLOYMENT_TARGET = 13.4;
				LD_RUNPATH_SEARCH_PATHS = (
					"$(inherited)",
					"@executable_path/Frameworks",
					"@loader_path/Frameworks",
				);
				PRODUCT_BUNDLE_IDENTIFIER = hyk.tongxunluTests;
				PRODUCT_NAME = "$(TARGET_NAME)";
				TARGETED_DEVICE_FAMILY = "1,2";
				TEST_HOST = "$(BUILT_PRODUCTS_DIR)/tongxunlu.app/tongxunlu";
			};
			name = Debug;
		};
		B44D4E42247BCCF9008A06FE /* Release */ = {
			isa = XCBuildConfiguration;
			buildSettings = {
				BUNDLE_LOADER = "$(TEST_HOST)";
				CODE_SIGN_STYLE = Automatic;
				INFOPLIST_FILE = tongxunluTests/Info.plist;
				IPHONEOS_DEPLOYMENT_TARGET = 13.4;
				LD_RUNPATH_SEARCH_PATHS = (
					"$(inherited)",
					"@executable_path/Frameworks",
					"@loader_path/Frameworks",
				);
				PRODUCT_BUNDLE_IDENTIFIER = hyk.tongxunluTests;
				PRODUCT_NAME = "$(TARGET_NAME)";
				TARGETED_DEVICE_FAMILY = "1,2";
				TEST_HOST = "$(BUILT_PRODUCTS_DIR)/tongxunlu.app/tongxunlu";
			};
			name = Release;
		};
		B44D4E44247BCCF9008A06FE /* Debug */ = {
			isa = XCBuildConfiguration;
			buildSettings = {
				CODE_SIGN_STYLE = Automatic;
				INFOPLIST_FILE = tongxunluUITests/Info.plist;
				LD_RUNPATH_SEARCH_PATHS = (
					"$(inherited)",
					"@executable_path/Frameworks",
					"@loader_path/Frameworks",
				);
				PRODUCT_BUNDLE_IDENTIFIER = hyk.tongxunluUITests;
				PRODUCT_NAME = "$(TARGET_NAME)";
				TARGETED_DEVICE_FAMILY = "1,2";
				TEST_TARGET_NAME = tongxunlu;
			};
			name = Debug;
		};
		B44D4E45247BCCF9008A06FE /* Release */ = {
			isa = XCBuildConfiguration;
			buildSettings = {
				CODE_SIGN_STYLE = Automatic;
				INFOPLIST_FILE = tongxunluUITests/Info.plist;
				LD_RUNPATH_SEARCH_PATHS = (
					"$(inherited)",
					"@executable_path/Frameworks",
					"@loader_path/Frameworks",
				);
				PRODUCT_BUNDLE_IDENTIFIER = hyk.tongxunluUITests;
				PRODUCT_NAME = "$(TARGET_NAME)";
				TARGETED_DEVICE_FAMILY = "1,2";
				TEST_TARGET_NAME = tongxunlu;
			};
			name = Release;
		};
/* End XCBuildConfiguration section */

/* Begin XCConfigurationList section */
		B44D4E09247BCCF8008A06FE /* Build configuration list for PBXProject "tongxunlu" */ = {
			isa = XCConfigurationList;
			buildConfigurations = (
				B44D4E3B247BCCF9008A06FE /* Debug */,
				B44D4E3C247BCCF9008A06FE /* Release */,
			);
			defaultConfigurationIsVisible = 0;
			defaultConfigurationName = Release;
		};
		B44D4E3D247BCCF9008A06FE /* Build configuration list for PBXNativeTarget "tongxunlu" */ = {
			isa = XCConfigurationList;
			buildConfigurations = (
				B44D4E3E247BCCF9008A06FE /* Debug */,
				B44D4E3F247BCCF9008A06FE /* Release */,
			);
			defaultConfigurationIsVisible = 0;
			defaultConfigurationName = Release;
		};
		B44D4E40247BCCF9008A06FE /* Build configuration list for PBXNativeTarget "tongxunluTests" */ = {
			isa = XCConfigurationList;
			buildConfigurations = (
				B44D4E41247BCCF9008A06FE /* Debug */,
				B44D4E42247BCCF9008A06FE /* Release */,
			);
			defaultConfigurationIsVisible = 0;
			defaultConfigurationName = Release;
		};
		B44D4E43247BCCF9008A06FE /* Build configuration list for PBXNativeTarget "tongxunluUITests" */ = {
			isa = XCConfigurationList;
			buildConfigurations = (
				B44D4E44247BCCF9008A06FE /* Debug */,
				B44D4E45247BCCF9008A06FE /* Release */,
			);
			defaultConfigurationIsVisible = 0;
			defaultConfigurationName = Release;
		};
/* End XCConfigurationList section */
	};
	rootObject = B44D4E06247BCCF8008A06FE /* Project object */;
}
